
Microsoft Visual Studio Solution File, Format Version 12.00
# Visual Studio Version 16
VisualStudioVersion = 16.0.29728.190
MinimumVisualStudioVersion = 10.0.40219.1
Project("{FAE04EC0-301F-11D3-BF4B-00C04F79EFBC}") = "MNepalAPI", "MNepalAPI\MNepalAPI.csproj", "{DE26D59A-23C5-47F3-AC5E-0ED444DBBCD8}"
EndProject
Global
	GlobalSection(SolutionConfigurationPlatforms) = preSolution
		Debug|Any CPU = Debug|Any CPU
		Release|Any CPU = Release|Any CPU
	EndGlobalSection
	GlobalSection(ProjectConfigurationPlatforms) = postSolution
		{DE26D59A-23C5-47F3-AC5E-0ED444DBBCD8}.Debug|Any CPU.ActiveCfg = Debug|Any CPU
		{DE26D59A-23C5-47F3-AC5E-0ED444DBBCD8}.Debug|Any CPU.Build.0 = Debug|Any CPU
		{DE26D59A-23C5-47F3-AC5E-0ED444DBBCD8}.Release|Any CPU.ActiveCfg = Release|Any CPU
		{DE26D59A-23C5-47F3-AC5E-0ED444DBBCD8}.Release|Any CPU.Build.0 = Release|Any CPU
	EndGlobalSection
	GlobalSection(SolutionProperties) = preSolution
		HideSolutionNode = FALSE
	EndGlobalSection
	GlobalSection(ExtensibilityGlobals) = postSolution
		SolutionGuid = {CD3544A8-3D7F-4FCC-8D08-8D6EE299B447}
	EndGlobalSection
EndGlobal
